
Microsoft Visual Studio Solution File, Format Version 12.00
# Visual Studio Version 17
VisualStudioVersion = 17.9.34210.260
MinimumVisualStudioVersion = 10.0.40219.1
Project("{FAE04EC0-301F-11D3-BF4B-00C04F79EFBC}") = "EverydayCSharp", "EverydayCSharp.csproj", "{397058D8-D1B7-4275-83A5-8B4E332631A6}"
EndProject
Global
	GlobalSection(SolutionConfigurationPlatforms) = preSolution
		Debug|Any CPU = Debug|Any CPU
		Release|Any CPU = Release|Any CPU
	EndGlobalSection
	GlobalSection(ProjectConfigurationPlatforms) = postSolution
		{397058D8-D1B7-4275-83A5-8B4E332631A6}.Debug|Any CPU.ActiveCfg = Debug|Any CPU
		{397058D8-D1B7-4275-83A5-8B4E332631A6}.Debug|Any CPU.Build.0 = Debug|Any CPU
		{397058D8-D1B7-4275-83A5-8B4E332631A6}.Release|Any CPU.ActiveCfg = Release|Any CPU
		{397058D8-D1B7-4275-83A5-8B4E332631A6}.Release|Any CPU.Build.0 = Release|Any CPU
	EndGlobalSection
	GlobalSection(SolutionProperties) = preSolution
		HideSolutionNode = FALSE
	EndGlobalSection
	GlobalSection(ExtensibilityGlobals) = postSolution
		SolutionGuid = {D4A74977-81CF-4255-B981-C5ECFBFAA663}
	EndGlobalSection
EndGlobal
